// !$*UTF8*$!
{
	archiveVersion = 1;
	classes = {
	};
	objectVersion = 56;
	objects = {

/* Begin PBXBuildFile section */
		107E47FA2BDE93B600DA9EB4 /* AppDelegate.swift in Sources */ = {isa = PBXBuildFile; fileRef = 107E47F92BDE93B600DA9EB4 /* AppDelegate.swift */; };
		107E47FC2BDE93B600DA9EB4 /* SceneDelegate.swift in Sources */ = {isa = PBXBuildFile; fileRef = 107E47FB2BDE93B600DA9EB4 /* SceneDelegate.swift */; };
		107E47FE2BDE93B600DA9EB4 /* ViewController.swift in Sources */ = {isa = PBXBuildFile; fileRef = 107E47FD2BDE93B600DA9EB4 /* ViewController.swift */; };
		107E48012BDE93B600DA9EB4 /* Main.storyboard in Resources */ = {isa = PBXBuildFile; fileRef = 107E47FF2BDE93B600DA9EB4 /* Main.storyboard */; };
		107E48032BDE93B700DA9EB4 /* Assets.xcassets in Resources */ = {isa = PBXBuildFile; fileRef = 107E48022BDE93B700DA9EB4 /* Assets.xcassets */; };
		107E48062BDE93B700DA9EB4 /* LaunchScreen.storyboard in Resources */ = {isa = PBXBuildFile; fileRef = 107E48042BDE93B700DA9EB4 /* LaunchScreen.storyboard */; };
		107E48112BDE93B700DA9EB4 /* demoTests.swift in Sources */ = {isa = PBXBuildFile; fileRef = 107E48102BDE93B700DA9EB4 /* demoTests.swift */; };
		107E481B2BDE93B700DA9EB4 /* demoUITests.swift in Sources */ = {isa = PBXBuildFile; fileRef = 107E481A2BDE93B700DA9EB4 /* demoUITests.swift */; };
		107E481D2BDE93B700DA9EB4 /* demoUITestsLaunchTests.swift in Sources */ = {isa = PBXBuildFile; fileRef = 107E481C2BDE93B700DA9EB4 /* demoUITestsLaunchTests.swift */; };
/* End PBXBuildFile section */

/* Begin PBXContainerItemProxy section */
		107E480D2BDE93B700DA9EB4 /* PBXContainerItemProxy */ = {
			isa = PBXContainerItemProxy;
			containerPortal = 107E47EE2BDE93B600DA9EB4 /* Project object */;
			proxyType = 1;
			remoteGlobalIDString = 107E47F52BDE93B600DA9EB4;
			remoteInfo = demo;
		};
		107E48172BDE93B700DA9EB4 /* PBXContainerItemProxy */ = {
			isa = PBXContainerItemProxy;
			containerPortal = 107E47EE2BDE93B600DA9EB4 /* Project object */;
			proxyType = 1;
			remoteGlobalIDString = 107E47F52BDE93B600DA9EB4;
			remoteInfo = demo;
		};
/* End PBXContainerItemProxy section */

/* Begin PBXFileReference section */
		107E47F62BDE93B600DA9EB4 /* demo.app */ = {isa = PBXFileReference; explicitFileType = wrapper.application; includeInIndex = 0; path = demo.app; sourceTree = BUILT_PRODUCTS_DIR; };
		107E47F92BDE93B600DA9EB4 /* AppDelegate.swift */ = {isa = PBXFileReference; lastKnownFileType = sourcecode.swift; path = AppDelegate.swift; sourceTree = "<group>"; };
		107E47FB2BDE93B600DA9EB4 /* SceneDelegate.swift */ = {isa = PBXFileReference; lastKnownFileType = sourcecode.swift; path = SceneDelegate.swift; sourceTree = "<group>"; };
		107E47FD2BDE93B600DA9EB4 /* ViewController.swift */ = {isa = PBXFileReference; lastKnownFileType = sourcecode.swift; path = ViewController.swift; sourceTree = "<group>"; };
		107E48002BDE93B600DA9EB4 /* Base */ = {isa = PBXFileReference; lastKnownFileType = file.storyboard; name = Base; path = Base.lproj/Main.storyboard; sourceTree = "<group>"; };
		107E48022BDE93B700DA9EB4 /* Assets.xcassets */ = {isa = PBXFileReference; lastKnownFileType = folder.assetcatalog; path = Assets.xcassets; sourceTree = "<group>"; };
		107E48052BDE93B700DA9EB4 /* Base */ = {isa = PBXFileReference; lastKnownFileType = file.storyboard; name = Base; path = Base.lproj/LaunchScreen.storyboard; sourceTree = "<group>"; };
		107E48072BDE93B700DA9EB4 /* Info.plist */ = {isa = PBXFileReference; lastKnownFileType = text.plist.xml; path = Info.plist; sourceTree = "<group>"; };
		107E480C2BDE93B700DA9EB4 /* demoTests.xctest */ = {isa = PBXFileReference; explicitFileType = wrapper.cfbundle; includeInIndex = 0; path = demoTests.xctest; sourceTree = BUILT_PRODUCTS_DIR; };
		107E48102BDE93B700DA9EB4 /* demoTests.swift */ = {isa = PBXFileReference; lastKnownFileType = sourcecode.swift; path = demoTests.swift; sourceTree = "<group>"; };
		107E48162BDE93B700DA9EB4 /* demoUITests.xctest */ = {isa = PBXFileReference; explicitFileType = wrapper.cfbundle; includeInIndex = 0; path = demoUITests.xctest; sourceTree = BUILT_PRODUCTS_DIR; };
		107E481A2BDE93B700DA9EB4 /* demoUITests.swift */ = {isa = PBXFileReference; lastKnownFileType = sourcecode.swift; path = demoUITests.swift; sourceTree = "<group>"; };
		107E481C2BDE93B700DA9EB4 /* demoUITestsLaunchTests.swift */ = {isa = PBXFileReference; lastKnownFileType = sourcecode.swift; path = demoUITestsLaunchTests.swift; sourceTree = "<group>"; };
/* End PBXFileReference section */

/* Begin PBXFrameworksBuildPhase section */
		107E47F32BDE93B600DA9EB4 /* Frameworks */ = {
			isa = PBXFrameworksBuildPhase;
			buildActionMask = 2147483647;
			files = (
			);
			runOnlyForDeploymentPostprocessing = 0;
		};
		107E48092BDE93B700DA9EB4 /* Frameworks */ = {
			isa = PBXFrameworksBuildPhase;
			buildActionMask = 2147483647;
			files = (
			);
			runOnlyForDeploymentPostprocessing = 0;
		};
		107E48132BDE93B700DA9EB4 /* Frameworks */ = {
			isa = PBXFrameworksBuildPhase;
			buildActionMask = 2147483647;
			files = (
			);
			runOnlyForDeploymentPostprocessing = 0;
		};
/* End PBXFrameworksBuildPhase section */

/* Begin PBXGroup section */
		107E47ED2BDE93B600DA9EB4 = {
			isa = PBXGroup;
			children = (
				107E47F82BDE93B600DA9EB4 /* demo */,
				107E480F2BDE93B700DA9EB4 /* demoTests */,
				107E48192BDE93B700DA9EB4 /* demoUITests */,
				107E47F72BDE93B600DA9EB4 /* Products */,
			);
			sourceTree = "<group>";
		};
		107E47F72BDE93B600DA9EB4 /* Products */ = {
			isa = PBXGroup;
			children = (
				107E47F62BDE93B600DA9EB4 /* demo.app */,
				107E480C2BDE93B700DA9EB4 /* demoTests.xctest */,
				107E48162BDE93B700DA9EB4 /* demoUITests.xctest */,
			);
			name = Products;
			sourceTree = "<group>";
		};
		107E47F82BDE93B600DA9EB4 /* demo */ = {
			isa = PBXGroup;
			children = (
				107E47F92BDE93B600DA9EB4 /* AppDelegate.swift */,
				107E47FB2BDE93B600DA9EB4 /* SceneDelegate.swift */,
				107E47FD2BDE93B600DA9EB4 /* ViewController.swift */,
				107E47FF2BDE93B600DA9EB4 /* Main.storyboard */,
				107E48022BDE93B700DA9EB4 /* Assets.xcassets */,
				107E48042BDE93B700DA9EB4 /* LaunchScreen.storyboard */,
				107E48072BDE93B700DA9EB4 /* Info.plist */,
			);
			path = demo;
			sourceTree = "<group>";
		};
		107E480F2BDE93B700DA9EB4 /* demoTests */ = {
			isa = PBXGroup;
			children = (
				107E48102BDE93B700DA9EB4 /* demoTests.swift */,
			);
			path = demoTests;
			sourceTree = "<group>";
		};
		107E48192BDE93B700DA9EB4 /* demoUITests */ = {
			isa = PBXGroup;
			children = (
				107E481A2BDE93B700DA9EB4 /* demoUITests.swift */,
				107E481C2BDE93B700DA9EB4 /* demoUITestsLaunchTests.swift */,
			);
			path = demoUITests;
			sourceTree = "<group>";
		};
/* End PBXGroup section */

/* Begin PBXNativeTarget section */
		107E47F52BDE93B600DA9EB4 /* demo */ = {
			isa = PBXNativeTarget;
			buildConfigurationList = 107E48202BDE93B700DA9EB4 /* Build configuration list for PBXNativeTarget "demo" */;
			buildPhases = (
				107E47F22BDE93B600DA9EB4 /* Sources */,
				107E47F32BDE93B600DA9EB4 /* Frameworks */,
				107E47F42BDE93B600DA9EB4 /* Resources */,
			);
			buildRules = (
			);
			dependencies = (
			);
			name = demo;
			productName = demo;
			productReference = 107E47F62BDE93B600DA9EB4 /* demo.app */;
			productType = "com.apple.product-type.application";
		};
		107E480B2BDE93B700DA9EB4 /* demoTests */ = {
			isa = PBXNativeTarget;
			buildConfigurationList = 107E48232BDE93B700DA9EB4 /* Build configuration list for PBXNativeTarget "demoTests" */;
			buildPhases = (
				107E48082BDE93B700DA9EB4 /* Sources */,
				107E48092BDE93B700DA9EB4 /* Frameworks */,
				107E480A2BDE93B700DA9EB4 /* Resources */,
			);
			buildRules = (
			);
			dependencies = (
				107E480E2BDE93B700DA9EB4 /* PBXTargetDependency */,
			);
			name = demoTests;
			productName = demoTests;
			productReference = 107E480C2BDE93B700DA9EB4 /* demoTests.xctest */;
			productType = "com.apple.product-type.bundle.unit-test";
		};
		107E48152BDE93B700DA9EB4 /* demoUITests */ = {
			isa = PBXNativeTarget;
			buildConfigurationList = 107E48262BDE93B700DA9EB4 /* Build configuration list for PBXNativeTarget "demoUITests" */;
			buildPhases = (
				107E48122BDE93B700DA9EB4 /* Sources */,
				107E48132BDE93B700DA9EB4 /* Frameworks */,
				107E48142BDE93B700DA9EB4 /* Resources */,
			);
			buildRules = (
			);
			dependencies = (
				107E48182BDE93B700DA9EB4 /* PBXTargetDependency */,
			);
			name = demoUITests;
			productName = demoUITests;
			productReference = 107E48162BDE93B700DA9EB4 /* demoUITests.xctest */;
			productType = "com.apple.product-type.bundle.ui-testing";
		};
/* End PBXNativeTarget section */

/* Begin PBXProject section */
		107E47EE2BDE93B600DA9EB4 /* Project object */ = {
			isa = PBXProject;
			attributes = {
				BuildIndependentTargetsInParallel = 1;
				LastSwiftUpdateCheck = 1510;
				LastUpgradeCheck = 1510;
				TargetAttributes = {
					107E47F52BDE93B600DA9EB4 = {
						CreatedOnToolsVersion = 15.1;
					};
					107E480B2BDE93B700DA9EB4 = {
						CreatedOnToolsVersion = 15.1;
						TestTargetID = 107E47F52BDE93B600DA9EB4;
					};
					107E48152BDE93B700DA9EB4 = {
						CreatedOnToolsVersion = 15.1;
						TestTargetID = 107E47F52BDE93B600DA9EB4;
					};
				};
			};
			buildConfigurationList = 107E47F12BDE93B600DA9EB4 /* Build configuration list for PBXProject "demo" */;
			compatibilityVersion = "Xcode 14.0";
			developmentRegion = en;
			hasScannedForEncodings = 0;
			knownRegions = (
				en,
				Base,
			);
			mainGroup = 107E47ED2BDE93B600DA9EB4;
			productRefGroup = 107E47F72BDE93B600DA9EB4 /* Products */;
			projectDirPath = "";
			projectRoot = "";
			targets = (
				107E47F52BDE93B600DA9EB4 /* demo */,
				107E480B2BDE93B700DA9EB4 /* demoTests */,
				107E48152BDE93B700DA9EB4 /* demoUITests */,
			);
		};
/* End PBXProject section */

/* Begin PBXResourcesBuildPhase section */
		107E47F42BDE93B600DA9EB4 /* Resources */ = {
			isa = PBXResourcesBuildPhase;
			buildActionMask = 2147483647;
			files = (
				107E48062BDE93B700DA9EB4 /* LaunchScreen.storyboard in Resources */,
				107E48032BDE93B700DA9EB4 /* Assets.xcassets in Resources */,
				107E48012BDE93B600DA9EB4 /* Main.storyboard in Resources */,
			);
			runOnlyForDeploymentPostprocessing = 0;
		};
		107E480A2BDE93B700DA9EB4 /* Resources */ = {
			isa = PBXResourcesBuildPhase;
			buildActionMask = 2147483647;
			files = (
			);
			runOnlyForDeploymentPostprocessing = 0;
		};
		107E48142BDE93B700DA9EB4 /* Resources */ = {
			isa = PBXResourcesBuildPhase;
			buildActionMask = 2147483647;
			files = (
			);
			runOnlyForDeploymentPostprocessing = 0;
		};
/* End PBXResourcesBuildPhase section */

/* Begin PBXSourcesBuildPhase section */
		107E47F22BDE93B600DA9EB4 /* Sources */ = {
			isa = PBXSourcesBuildPhase;
			buildActionMask = 2147483647;
			files = (
				107E47FE2BDE93B600DA9EB4 /* ViewController.swift in Sources */,
				107E47FA2BDE93B600DA9EB4 /* AppDelegate.swift in Sources */,
				107E47FC2BDE93B600DA9EB4 /* SceneDelegate.swift in Sources */,
			);
			runOnlyForDeploymentPostprocessing = 0;
		};
		107E48082BDE93B700DA9EB4 /* Sources */ = {
			isa = PBXSourcesBuildPhase;
			buildActionMask = 2147483647;
			files = (
				107E48112BDE93B700DA9EB4 /* demoTests.swift in Sources */,
			);
			runOnlyForDeploymentPostprocessing = 0;
		};
		107E48122BDE93B700DA9EB4 /* Sources */ = {
			isa = PBXSourcesBuildPhase;
			buildActionMask = 2147483647;
			files = (
				107E481B2BDE93B700DA9EB4 /* demoUITests.swift in Sources */,
				107E481D2BDE93B700DA9EB4 /* demoUITestsLaunchTests.swift in Sources */,
			);
			runOnlyForDeploymentPostprocessing = 0;
		};
/* End PBXSourcesBuildPhase section */

/* Begin PBXTargetDependency section */
		107E480E2BDE93B700DA9EB4 /* PBXTargetDependency */ = {
			isa = PBXTargetDependency;
			target = 107E47F52BDE93B600DA9EB4 /* demo */;
			targetProxy = 107E480D2BDE93B700DA9EB4 /* PBXContainerItemProxy */;
		};
		107E48182BDE93B700DA9EB4 /* PBXTargetDependency */ = {
			isa = PBXTargetDependency;
			target = 107E47F52BDE93B600DA9EB4 /* demo */;
			targetProxy = 107E48172BDE93B700DA9EB4 /* PBXContainerItemProxy */;
		};
/* End PBXTargetDependency section */

/* Begin PBXVariantGroup section */
		107E47FF2BDE93B600DA9EB4 /* Main.storyboard */ = {
			isa = PBXVariantGroup;
			children = (
				107E48002BDE93B600DA9EB4 /* Base */,
			);
			name = Main.storyboard;
			sourceTree = "<group>";
		};
		107E48042BDE93B700DA9EB4 /* LaunchScreen.storyboard */ = {
			isa = PBXVariantGroup;
			children = (
				107E48052BDE93B700DA9EB4 /* Base */,
			);
			name = LaunchScreen.storyboard;
			sourceTree = "<group>";
		};
/* End PBXVariantGroup section */

/* Begin XCBuildConfiguration section */
		107E481E2BDE93B700DA9EB4 /* Debug */ = {
			isa = XCBuildConfiguration;
			buildSettings = {
				ALWAYS_SEARCH_USER_PATHS = NO;
				ASSETCATALOG_COMPILER_GENERATE_SWIFT_ASSET_SYMBOL_EXTENSIONS = YES;
				CLANG_ANALYZER_NONNULL = YES;
				CLANG_ANALYZER_NUMBER_OBJECT_CONVERSION = YES_AGGRESSIVE;
				CLANG_CXX_LANGUAGE_STANDARD = "gnu++20";
				CLANG_ENABLE_MODULES = YES;
				CLANG_ENABLE_OBJC_ARC = YES;
				CLANG_ENABLE_OBJC_WEAK = YES;
				CLANG_WARN_BLOCK_CAPTURE_AUTORELEASING = YES;
				CLANG_WARN_BOOL_CONVERSION = YES;
				CLANG_WARN_COMMA = YES;
				CLANG_WARN_CONSTANT_CONVERSION = YES;
				CLANG_WARN_DEPRECATED_OBJC_IMPLEMENTATIONS = YES;
				CLANG_WARN_DIRECT_OBJC_ISA_USAGE = YES_ERROR;
				CLANG_WARN_DOCUMENTATION_COMMENTS = YES;
				CLANG_WARN_EMPTY_BODY = YES;
				CLANG_WARN_ENUM_CONVERSION = YES;
				CLANG_WARN_INFINITE_RECURSION = YES;
				CLANG_WARN_INT_CONVERSION = YES;
				CLANG_WARN_NON_LITERAL_NULL_CONVERSION = YES;
				CLANG_WARN_OBJC_IMPLICIT_RETAIN_SELF = YES;
				CLANG_WARN_OBJC_LITERAL_CONVERSION = YES;
				CLANG_WARN_OBJC_ROOT_CLASS = YES_ERROR;
				CLANG_WARN_QUOTED_INCLUDE_IN_FRAMEWORK_HEADER = YES;
				CLANG_WARN_RANGE_LOOP_ANALYSIS = YES;
				CLANG_WARN_STRICT_PROTOTYPES = YES;
				CLANG_WARN_SUSPICIOUS_MOVE = YES;
				CLANG_WARN_UNGUARDED_AVAILABILITY = YES_AGGRESSIVE;
				CLANG_WARN_UNREACHABLE_CODE = YES;
				CLANG_WARN__DUPLICATE_METHOD_MATCH = YES;
				COPY_PHASE_STRIP = NO;
				DEBUG_INFORMATION_FORMAT = dwarf;
				ENABLE_STRICT_OBJC_MSGSEND = YES;
				ENABLE_TESTABILITY = YES;
				ENABLE_USER_SCRIPT_SANDBOXING = YES;
				GCC_C_LANGUAGE_STANDARD = gnu17;
				GCC_DYNAMIC_NO_PIC = NO;
				GCC_NO_COMMON_BLOCKS = YES;
				GCC_OPTIMIZATION_LEVEL = 0;
				GCC_PREPROCESSOR_DEFINITIONS = (
					"DEBUG=1",
					"$(inherited)",
				);
				GCC_WARN_64_TO_32_BIT_CONVERSION = YES;
				GCC_WARN_ABOUT_RETURN_TYPE = YES_ERROR;
				GCC_WARN_UNDECLARED_SELECTOR = YES;
				GCC_WARN_UNINITIALIZED_AUTOS = YES_AGGRESSIVE;
				GCC_WARN_UNUSED_FUNCTION = YES;
				GCC_WARN_UNUSED_VARIABLE = YES;
				IPHONEOS_DEPLOYMENT_TARGET = 17.2;
				LOCALIZATION_PREFERS_STRING_CATALOGS = YES;
				MTL_ENABLE_DEBUG_INFO = INCLUDE_SOURCE;
				MTL_FAST_MATH = YES;
				ONLY_ACTIVE_ARCH = YES;
				SDKROOT = iphoneos;
				SWIFT_ACTIVE_COMPILATION_CONDITIONS = "DEBUG $(inherited)";
				SWIFT_OPTIMIZATION_LEVEL = "-Onone";
			};
			name = Debug;
		};
		107E481F2BDE93B700DA9EB4 /* Release */ = {
			isa = XCBuildConfiguration;
			buildSettings = {
				ALWAYS_SEARCH_USER_PATHS = NO;
				ASSETCATALOG_COMPILER_GENERATE_SWIFT_ASSET_SYMBOL_EXTENSIONS = YES;
				CLANG_ANALYZER_NONNULL = YES;
				CLANG_ANALYZER_NUMBER_OBJECT_CONVERSION = YES_AGGRESSIVE;
				CLANG_CXX_LANGUAGE_STANDARD = "gnu++20";
				CLANG_ENABLE_MODULES = YES;
				CLANG_ENABLE_OBJC_ARC = YES;
				CLANG_ENABLE_OBJC_WEAK = YES;
				CLANG_WARN_BLOCK_CAPTURE_AUTORELEASING = YES;
				CLANG_WARN_BOOL_CONVERSION = YES;
				CLANG_WARN_COMMA = YES;
				CLANG_WARN_CONSTANT_CONVERSION = YES;
				CLANG_WARN_DEPRECATED_OBJC_IMPLEMENTATIONS = YES;
				CLANG_WARN_DIRECT_OBJC_ISA_USAGE = YES_ERROR;
				CLANG_WARN_DOCUMENTATION_COMMENTS = YES;
				CLANG_WARN_EMPTY_BODY = YES;
				CLANG_WARN_ENUM_CONVERSION = YES;
				CLANG_WARN_INFINITE_RECURSION = YES;
				CLANG_WARN_INT_CONVERSION = YES;
				CLANG_WARN_NON_LITERAL_NULL_CONVERSION = YES;
				CLANG_WARN_OBJC_IMPLICIT_RETAIN_SELF = YES;
				CLANG_WARN_OBJC_LITERAL_CONVERSION = YES;
				CLANG_WARN_OBJC_ROOT_CLASS = YES_ERROR;
				CLANG_WARN_QUOTED_INCLUDE_IN_FRAMEWORK_HEADER = YES;
				CLANG_WARN_RANGE_LOOP_ANALYSIS = YES;
				CLANG_WARN_STRICT_PROTOTYPES = YES;
				CLANG_WARN_SUSPICIOUS_MOVE = YES;
				CLANG_WARN_UNGUARDED_AVAILABILITY = YES_AGGRESSIVE;
				CLANG_WARN_UNREACHABLE_CODE = YES;
				CLANG_WARN__DUPLICATE_METHOD_MATCH = YES;
				COPY_PHASE_STRIP = NO;
				DEBUG_INFORMATION_FORMAT = "dwarf-with-dsym";
				ENABLE_NS_ASSERTIONS = NO;
				ENABLE_STRICT_OBJC_MSGSEND = YES;
				ENABLE_USER_SCRIPT_SANDBOXING = YES;
				GCC_C_LANGUAGE_STANDARD = gnu17;
				GCC_NO_COMMON_BLOCKS = YES;
				GCC_WARN_64_TO_32_BIT_CONVERSION = YES;
				GCC_WARN_ABOUT_RETURN_TYPE = YES_ERROR;
				GCC_WARN_UNDECLARED_SELECTOR = YES;
				GCC_WARN_UNINITIALIZED_AUTOS = YES_AGGRESSIVE;
				GCC_WARN_UNUSED_FUNCTION = YES;
				GCC_WARN_UNUSED_VARIABLE = YES;
				IPHONEOS_DEPLOYMENT_TARGET = 17.2;
				LOCALIZATION_PREFERS_STRING_CATALOGS = YES;
				MTL_ENABLE_DEBUG_INFO = NO;
				MTL_FAST_MATH = YES;
				SDKROOT = iphoneos;
				SWIFT_COMPILATION_MODE = wholemodule;
				VALIDATE_PRODUCT = YES;
			};
			name = Release;
		};
		107E48212BDE93B700DA9EB4 /* Debug */ = {
			isa = XCBuildConfiguration;
			buildSettings = {
				ASSETCATALOG_COMPILER_APPICON_NAME = AppIcon;
				ASSETCATALOG_COMPILER_GLOBAL_ACCENT_COLOR_NAME = AccentColor;
				CODE_SIGN_STYLE = Automatic;
				CURRENT_PROJECT_VERSION = 1;
				GENERATE_INFOPLIST_FILE = YES;
				INFOPLIST_FILE = demo/Info.plist;
				INFOPLIST_KEY_UIApplicationSupportsIndirectInputEvents = YES;
				INFOPLIST_KEY_UILaunchStoryboardName = LaunchScreen;
				INFOPLIST_KEY_UIMainStoryboardFile = Main;
				INFOPLIST_KEY_UISupportedInterfaceOrientations_iPad = "UIInterfaceOrientationPortrait UIInterfaceOrientationPortraitUpsideDown UIInterfaceOrientationLandscapeLeft UIInterfaceOrientationLandscapeRight";
				INFOPLIST_KEY_UISupportedInterfaceOrientations_iPhone = "UIInterfaceOrientationPortrait UIInterfaceOrientationLandscapeLeft UIInterfaceOrientationLandscapeRight";
				LD_RUNPATH_SEARCH_PATHS = (
					"$(inherited)",
					"@executable_path/Frameworks",
				);
				MARKETING_VERSION = 1.0;
				PRODUCT_BUNDLE_IDENTIFIER = com.zakios.demo;
				PRODUCT_NAME = "$(TARGET_NAME)";
				SWIFT_EMIT_LOC_STRINGS = YES;
				SWIFT_VERSION = 5.0;
				TARGETED_DEVICE_FAMILY = "1,2";
			};
			name = Debug;
		};
		107E48222BDE93B700DA9EB4 /* Release */ = {
			isa = XCBuildConfiguration;
			buildSettings = {
				ASSETCATALOG_COMPILER_APPICON_NAME = AppIcon;
				ASSETCATALOG_COMPILER_GLOBAL_ACCENT_COLOR_NAME = AccentColor;
				CODE_SIGN_STYLE = Automatic;
				CURRENT_PROJECT_VERSION = 1;
				GENERATE_INFOPLIST_FILE = YES;
				INFOPLIST_FILE = demo/Info.plist;
				INFOPLIST_KEY_UIApplicationSupportsIndirectInputEvents = YES;
				INFOPLIST_KEY_UILaunchStoryboardName = LaunchScreen;
				INFOPLIST_KEY_UIMainStoryboardFile = Main;
				INFOPLIST_KEY_UISupportedInterfaceOrientations_iPad = "UIInterfaceOrientationPortrait UIInterfaceOrientationPortraitUpsideDown UIInterfaceOrientationLandscapeLeft UIInterfaceOrientationLandscapeRight";
				INFOPLIST_KEY_UISupportedInterfaceOrientations_iPhone = "UIInterfaceOrientationPortrait UIInterfaceOrientationLandscapeLeft UIInterfaceOrientationLandscapeRight";
				LD_RUNPATH_SEARCH_PATHS = (
					"$(inherited)",
					"@executable_path/Frameworks",
				);
				MARKETING_VERSION = 1.0;
				PRODUCT_BUNDLE_IDENTIFIER = com.zakios.demo;
				PRODUCT_NAME = "$(TARGET_NAME)";
				SWIFT_EMIT_LOC_STRINGS = YES;
				SWIFT_VERSION = 5.0;
				TARGETED_DEVICE_FAMILY = "1,2";
			};
			name = Release;
		};
		107E48242BDE93B700DA9EB4 /* Debug */ = {
			isa = XCBuildConfiguration;
			buildSettings = {
				ALWAYS_EMBED_SWIFT_STANDARD_LIBRARIES = YES;
				BUNDLE_LOADER = "$(TEST_HOST)";
				CODE_SIGN_STYLE = Automatic;
				CURRENT_PROJECT_VERSION = 1;
				GENERATE_INFOPLIST_FILE = YES;
				IPHONEOS_DEPLOYMENT_TARGET = 17.2;
				MARKETING_VERSION = 1.0;
				PRODUCT_BUNDLE_IDENTIFIER = com.zakios.demoTests;
				PRODUCT_NAME = "$(TARGET_NAME)";
				SWIFT_EMIT_LOC_STRINGS = NO;
				SWIFT_VERSION = 5.0;
				TARGETED_DEVICE_FAMILY = "1,2";
				TEST_HOST = "$(BUILT_PRODUCTS_DIR)/demo.app/$(BUNDLE_EXECUTABLE_FOLDER_PATH)/demo";
			};
			name = Debug;
		};
		107E48252BDE93B700DA9EB4 /* Release */ = {
			isa = XCBuildConfiguration;
			buildSettings = {
				ALWAYS_EMBED_SWIFT_STANDARD_LIBRARIES = YES;
				BUNDLE_LOADER = "$(TEST_HOST)";
				CODE_SIGN_STYLE = Automatic;
				CURRENT_PROJECT_VERSION = 1;
				GENERATE_INFOPLIST_FILE = YES;
				IPHONEOS_DEPLOYMENT_TARGET = 17.2;
				MARKETING_VERSION = 1.0;
				PRODUCT_BUNDLE_IDENTIFIER = com.zakios.demoTests;
				PRODUCT_NAME = "$(TARGET_NAME)";
				SWIFT_EMIT_LOC_STRINGS = NO;
				SWIFT_VERSION = 5.0;
				TARGETED_DEVICE_FAMILY = "1,2";
				TEST_HOST = "$(BUILT_PRODUCTS_DIR)/demo.app/$(BUNDLE_EXECUTABLE_FOLDER_PATH)/demo";
			};
			name = Release;
		};
		107E48272BDE93B700DA9EB4 /* Debug */ = {
			isa = XCBuildConfiguration;
			buildSettings = {
				ALWAYS_EMBED_SWIFT_STANDARD_LIBRARIES = YES;
				CODE_SIGN_STYLE = Automatic;
				CURRENT_PROJECT_VERSION = 1;
				GENERATE_INFOPLIST_FILE = YES;
				MARKETING_VERSION = 1.0;
				PRODUCT_BUNDLE_IDENTIFIER = com.zakios.demoUITests;
				PRODUCT_NAME = "$(TARGET_NAME)";
				SWIFT_EMIT_LOC_STRINGS = NO;
				SWIFT_VERSION = 5.0;
				TARGETED_DEVICE_FAMILY = "1,2";
				TEST_TARGET_NAME = demo;
			};
			name = Debug;
		};
		107E48282BDE93B700DA9EB4 /* Release */ = {
			isa = XCBuildConfiguration;
			buildSettings = {
				ALWAYS_EMBED_SWIFT_STANDARD_LIBRARIES = YES;
				CODE_SIGN_STYLE = Automatic;
				CURRENT_PROJECT_VERSION = 1;
				GENERATE_INFOPLIST_FILE = YES;
				MARKETING_VERSION = 1.0;
				PRODUCT_BUNDLE_IDENTIFIER = com.zakios.demoUITests;
				PRODUCT_NAME = "$(TARGET_NAME)";
				SWIFT_EMIT_LOC_STRINGS = NO;
				SWIFT_VERSION = 5.0;
				TARGETED_DEVICE_FAMILY = "1,2";
				TEST_TARGET_NAME = demo;
			};
			name = Release;
		};
/* End XCBuildConfiguration section */

/* Begin XCConfigurationList section */
		107E47F12BDE93B600DA9EB4 /* Build configuration list for PBXProject "demo" */ = {
			isa = XCConfigurationList;
			buildConfigurations = (
				107E481E2BDE93B700DA9EB4 /* Debug */,
				107E481F2BDE93B700DA9EB4 /* Release */,
			);
			defaultConfigurationIsVisible = 0;
			defaultConfigurationName = Release;
		};
		107E48202BDE93B700DA9EB4 /* Build configuration list for PBXNativeTarget "demo" */ = {
			isa = XCConfigurationList;
			buildConfigurations = (
				107E48212BDE93B700DA9EB4 /* Debug */,
				107E48222BDE93B700DA9EB4 /* Release */,
			);
			defaultConfigurationIsVisible = 0;
			defaultConfigurationName = Release;
		};
		107E48232BDE93B700DA9EB4 /* Build configuration list for PBXNativeTarget "demoTests" */ = {
			isa = XCConfigurationList;
			buildConfigurations = (
				107E48242BDE93B700DA9EB4 /* Debug */,
				107E48252BDE93B700DA9EB4 /* Release */,
			);
			defaultConfigurationIsVisible = 0;
			defaultConfigurationName = Release;
		};
		107E48262BDE93B700DA9EB4 /* Build configuration list for PBXNativeTarget "demoUITests" */ = {
			isa = XCConfigurationList;
			buildConfigurations = (
				107E48272BDE93B700DA9EB4 /* Debug */,
				107E48282BDE93B700DA9EB4 /* Release */,
			);
			defaultConfigurationIsVisible = 0;
			defaultConfigurationName = Release;
		};
/* End XCConfigurationList section */
	};
	rootObject = 107E47EE2BDE93B600DA9EB4 /* Project object */;
}
